
Microsoft Visual Studio Solution File, Format Version 12.00
# Visual Studio 15
VisualStudioVersion = 15.0.28307.852
MinimumVisualStudioVersion = 10.0.40219.1
Project("{9A19103F-16F7-4668-BE54-9A1E7A4F7556}") = "eStudioLjepote", "eStudioLjepote\eStudioLjepote.csproj", "{5997A294-1A43-4BE8-A0A0-5BA69C9E6BEB}"
EndProject
Project("{FAE04EC0-301F-11D3-BF4B-00C04F79EFBC}") = "eStudioLjepoteData", "eStudioLjepoteData\eStudioLjepoteData.csproj", "{0E46438B-BAFB-4C79-B1AD-49F8254A7EA5}"
EndProject
Global
	GlobalSection(SolutionConfigurationPlatforms) = preSolution
		Debug|Any CPU = Debug|Any CPU
		Release|Any CPU = Release|Any CPU
	EndGlobalSection
	GlobalSection(ProjectConfigurationPlatforms) = postSolution
		{5997A294-1A43-4BE8-A0A0-5BA69C9E6BEB}.Debug|Any CPU.ActiveCfg = Debug|Any CPU
		{5997A294-1A43-4BE8-A0A0-5BA69C9E6BEB}.Debug|Any CPU.Build.0 = Debug|Any CPU
		{5997A294-1A43-4BE8-A0A0-5BA69C9E6BEB}.Release|Any CPU.ActiveCfg = Release|Any CPU
		{5997A294-1A43-4BE8-A0A0-5BA69C9E6BEB}.Release|Any CPU.Build.0 = Release|Any CPU
		{0E46438B-BAFB-4C79-B1AD-49F8254A7EA5}.Debug|Any CPU.ActiveCfg = Debug|Any CPU
		{0E46438B-BAFB-4C79-B1AD-49F8254A7EA5}.Debug|Any CPU.Build.0 = Debug|Any CPU
		{0E46438B-BAFB-4C79-B1AD-49F8254A7EA5}.Release|Any CPU.ActiveCfg = Release|Any CPU
		{0E46438B-BAFB-4C79-B1AD-49F8254A7EA5}.Release|Any CPU.Build.0 = Release|Any CPU
	EndGlobalSection
	GlobalSection(SolutionProperties) = preSolution
		HideSolutionNode = FALSE
	EndGlobalSection
	GlobalSection(ExtensibilityGlobals) = postSolution
		SolutionGuid = {1A0FAB50-52E2-40D1-9A52-427F399D4998}
	EndGlobalSection
EndGlobal
